
Microsoft Visual Studio Solution File, Format Version 12.00
# Visual Studio Version 17
VisualStudioVersion = 17.13.35913.81
MinimumVisualStudioVersion = 10.0.40219.1
Project("{FAE04EC0-301F-11D3-BF4B-00C04F79EFBC}") = "FreshHarvestMarket", "FreshHarvestMarket\FreshHarvestMarket.csproj", "{D3CDF8DE-0D54-4376-95EE-D2D6A959188C}"
EndProject
Project("{FAE04EC0-301F-11D3-BF4B-00C04F79EFBC}") = "TestProject", "TestProject\TestProject.csproj", "{20B56DFB-A220-49DD-A60C-5E2537672910}"
EndProject
Global
	GlobalSection(SolutionConfigurationPlatforms) = preSolution
		Debug|Any CPU = Debug|Any CPU
		Release|Any CPU = Release|Any CPU
	EndGlobalSection
	GlobalSection(ProjectConfigurationPlatforms) = postSolution
		{D3CDF8DE-0D54-4376-95EE-D2D6A959188C}.Debug|Any CPU.ActiveCfg = Debug|Any CPU
		{D3CDF8DE-0D54-4376-95EE-D2D6A959188C}.Debug|Any CPU.Build.0 = Debug|Any CPU
		{D3CDF8DE-0D54-4376-95EE-D2D6A959188C}.Release|Any CPU.ActiveCfg = Release|Any CPU
		{D3CDF8DE-0D54-4376-95EE-D2D6A959188C}.Release|Any CPU.Build.0 = Release|Any CPU
		{20B56DFB-A220-49DD-A60C-5E2537672910}.Debug|Any CPU.ActiveCfg = Debug|Any CPU
		{20B56DFB-A220-49DD-A60C-5E2537672910}.Debug|Any CPU.Build.0 = Debug|Any CPU
		{20B56DFB-A220-49DD-A60C-5E2537672910}.Release|Any CPU.ActiveCfg = Release|Any CPU
		{20B56DFB-A220-49DD-A60C-5E2537672910}.Release|Any CPU.Build.0 = Release|Any CPU
	EndGlobalSection
	GlobalSection(SolutionProperties) = preSolution
		HideSolutionNode = FALSE
	EndGlobalSection
	GlobalSection(ExtensibilityGlobals) = postSolution
		SolutionGuid = {011FC69F-C38B-46C2-9F50-5B719AA20324}
	EndGlobalSection
EndGlobal
